
Microsoft Visual Studio Solution File, Format Version 12.00
# Visual Studio Version 17
VisualStudioVersion = 17.0.32126.317
MinimumVisualStudioVersion = 10.0.40219.1
Project("{FAE04EC0-301F-11D3-BF4B-00C04F79EFBC}") = "entrants", "entrants\entrants.csproj", "{A5767A6C-B95E-409D-A407-8AC56062A80A}"
EndProject
Global
	GlobalSection(SolutionConfigurationPlatforms) = preSolution
		Debug|Any CPU = Debug|Any CPU
		Release|Any CPU = Release|Any CPU
	EndGlobalSection
	GlobalSection(ProjectConfigurationPlatforms) = postSolution
		{A5767A6C-B95E-409D-A407-8AC56062A80A}.Debug|Any CPU.ActiveCfg = Debug|Any CPU
		{A5767A6C-B95E-409D-A407-8AC56062A80A}.Debug|Any CPU.Build.0 = Debug|Any CPU
		{A5767A6C-B95E-409D-A407-8AC56062A80A}.Release|Any CPU.ActiveCfg = Release|Any CPU
		{A5767A6C-B95E-409D-A407-8AC56062A80A}.Release|Any CPU.Build.0 = Release|Any CPU
	EndGlobalSection
	GlobalSection(SolutionProperties) = preSolution
		HideSolutionNode = FALSE
	EndGlobalSection
	GlobalSection(ExtensibilityGlobals) = postSolution
		SolutionGuid = {675F2A06-8EA2-456E-972C-3C437372B80C}
	EndGlobalSection
EndGlobal
